// !$*UTF8*$!
{
	archiveVersion = 1;
	classes = {
	};
	objectVersion = 56;
	objects = {

/* Begin PBXBuildFile section */
		CCAA78E129223D0A00C5B3FB /* AppDelegate.swift in Sources */ = {isa = PBXBuildFile; fileRef = CCAA78E029223D0A00C5B3FB /* AppDelegate.swift */; };
		CCAA78E329223D0A00C5B3FB /* SceneDelegate.swift in Sources */ = {isa = PBXBuildFile; fileRef = CCAA78E229223D0A00C5B3FB /* SceneDelegate.swift */; };
		CCAA78E529223D0A00C5B3FB /* ViewController.swift in Sources */ = {isa = PBXBuildFile; fileRef = CCAA78E429223D0A00C5B3FB /* ViewController.swift */; };
		CCAA78E829223D0A00C5B3FB /* Main.storyboard in Resources */ = {isa = PBXBuildFile; fileRef = CCAA78E629223D0A00C5B3FB /* Main.storyboard */; };
		CCAA78EB29223D0A00C5B3FB /* ratemef.xcdatamodeld in Sources */ = {isa = PBXBuildFile; fileRef = CCAA78E929223D0A00C5B3FB /* ratemef.xcdatamodeld */; };
		CCAA78ED29223D0A00C5B3FB /* Assets.xcassets in Resources */ = {isa = PBXBuildFile; fileRef = CCAA78EC29223D0A00C5B3FB /* Assets.xcassets */; };
		CCAA78F029223D0A00C5B3FB /* LaunchScreen.storyboard in Resources */ = {isa = PBXBuildFile; fileRef = CCAA78EE29223D0A00C5B3FB /* LaunchScreen.storyboard */; };
		CCAA78FB29223D0B00C5B3FB /* ratemefTests.swift in Sources */ = {isa = PBXBuildFile; fileRef = CCAA78FA29223D0B00C5B3FB /* ratemefTests.swift */; };
		CCAA790529223D0B00C5B3FB /* ratemefUITests.swift in Sources */ = {isa = PBXBuildFile; fileRef = CCAA790429223D0B00C5B3FB /* ratemefUITests.swift */; };
		CCAA790729223D0B00C5B3FB /* ratemefUITestsLaunchTests.swift in Sources */ = {isa = PBXBuildFile; fileRef = CCAA790629223D0B00C5B3FB /* ratemefUITestsLaunchTests.swift */; };
/* End PBXBuildFile section */

/* Begin PBXContainerItemProxy section */
		CCAA78F729223D0B00C5B3FB /* PBXContainerItemProxy */ = {
			isa = PBXContainerItemProxy;
			containerPortal = CCAA78D529223D0900C5B3FB /* Project object */;
			proxyType = 1;
			remoteGlobalIDString = CCAA78DC29223D0A00C5B3FB;
			remoteInfo = ratemef;
		};
		CCAA790129223D0B00C5B3FB /* PBXContainerItemProxy */ = {
			isa = PBXContainerItemProxy;
			containerPortal = CCAA78D529223D0900C5B3FB /* Project object */;
			proxyType = 1;
			remoteGlobalIDString = CCAA78DC29223D0A00C5B3FB;
			remoteInfo = ratemef;
		};
/* End PBXContainerItemProxy section */

/* Begin PBXFileReference section */
		CCAA78DD29223D0A00C5B3FB /* ratemef.app */ = {isa = PBXFileReference; explicitFileType = wrapper.application; includeInIndex = 0; path = ratemef.app; sourceTree = BUILT_PRODUCTS_DIR; };
		CCAA78E029223D0A00C5B3FB /* AppDelegate.swift */ = {isa = PBXFileReference; lastKnownFileType = sourcecode.swift; path = AppDelegate.swift; sourceTree = "<group>"; };
		CCAA78E229223D0A00C5B3FB /* SceneDelegate.swift */ = {isa = PBXFileReference; lastKnownFileType = sourcecode.swift; path = SceneDelegate.swift; sourceTree = "<group>"; };
		CCAA78E429223D0A00C5B3FB /* ViewController.swift */ = {isa = PBXFileReference; lastKnownFileType = sourcecode.swift; path = ViewController.swift; sourceTree = "<group>"; };
		CCAA78E729223D0A00C5B3FB /* Base */ = {isa = PBXFileReference; lastKnownFileType = file.storyboard; name = Base; path = Base.lproj/Main.storyboard; sourceTree = "<group>"; };
		CCAA78EA29223D0A00C5B3FB /* ratemef.xcdatamodel */ = {isa = PBXFileReference; lastKnownFileType = wrapper.xcdatamodel; path = ratemef.xcdatamodel; sourceTree = "<group>"; };
		CCAA78EC29223D0A00C5B3FB /* Assets.xcassets */ = {isa = PBXFileReference; lastKnownFileType = folder.assetcatalog; path = Assets.xcassets; sourceTree = "<group>"; };
		CCAA78EF29223D0A00C5B3FB /* Base */ = {isa = PBXFileReference; lastKnownFileType = file.storyboard; name = Base; path = Base.lproj/LaunchScreen.storyboard; sourceTree = "<group>"; };
		CCAA78F129223D0A00C5B3FB /* Info.plist */ = {isa = PBXFileReference; lastKnownFileType = text.plist.xml; path = Info.plist; sourceTree = "<group>"; };
		CCAA78F629223D0B00C5B3FB /* ratemefTests.xctest */ = {isa = PBXFileReference; explicitFileType = wrapper.cfbundle; includeInIndex = 0; path = ratemefTests.xctest; sourceTree = BUILT_PRODUCTS_DIR; };
		CCAA78FA29223D0B00C5B3FB /* ratemefTests.swift */ = {isa = PBXFileReference; lastKnownFileType = sourcecode.swift; path = ratemefTests.swift; sourceTree = "<group>"; };
		CCAA790029223D0B00C5B3FB /* ratemefUITests.xctest */ = {isa = PBXFileReference; explicitFileType = wrapper.cfbundle; includeInIndex = 0; path = ratemefUITests.xctest; sourceTree = BUILT_PRODUCTS_DIR; };
		CCAA790429223D0B00C5B3FB /* ratemefUITests.swift */ = {isa = PBXFileReference; lastKnownFileType = sourcecode.swift; path = ratemefUITests.swift; sourceTree = "<group>"; };
		CCAA790629223D0B00C5B3FB /* ratemefUITestsLaunchTests.swift */ = {isa = PBXFileReference; lastKnownFileType = sourcecode.swift; path = ratemefUITestsLaunchTests.swift; sourceTree = "<group>"; };
/* End PBXFileReference section */

/* Begin PBXFrameworksBuildPhase section */
		CCAA78DA29223D0A00C5B3FB /* Frameworks */ = {
			isa = PBXFrameworksBuildPhase;
			buildActionMask = 2147483647;
			files = (
			);
			runOnlyForDeploymentPostprocessing = 0;
		};
		CCAA78F329223D0B00C5B3FB /* Frameworks */ = {
			isa = PBXFrameworksBuildPhase;
			buildActionMask = 2147483647;
			files = (
			);
			runOnlyForDeploymentPostprocessing = 0;
		};
		CCAA78FD29223D0B00C5B3FB /* Frameworks */ = {
			isa = PBXFrameworksBuildPhase;
			buildActionMask = 2147483647;
			files = (
			);
			runOnlyForDeploymentPostprocessing = 0;
		};
/* End PBXFrameworksBuildPhase section */

/* Begin PBXGroup section */
		CCAA78D429223D0900C5B3FB = {
			isa = PBXGroup;
			children = (
				CCAA78DF29223D0A00C5B3FB /* ratemef */,
				CCAA78F929223D0B00C5B3FB /* ratemefTests */,
				CCAA790329223D0B00C5B3FB /* ratemefUITests */,
				CCAA78DE29223D0A00C5B3FB /* Products */,
			);
			sourceTree = "<group>";
		};
		CCAA78DE29223D0A00C5B3FB /* Products */ = {
			isa = PBXGroup;
			children = (
				CCAA78DD29223D0A00C5B3FB /* ratemef.app */,
				CCAA78F629223D0B00C5B3FB /* ratemefTests.xctest */,
				CCAA790029223D0B00C5B3FB /* ratemefUITests.xctest */,
			);
			name = Products;
			sourceTree = "<group>";
		};
		CCAA78DF29223D0A00C5B3FB /* ratemef */ = {
			isa = PBXGroup;
			children = (
				CCAA78E029223D0A00C5B3FB /* AppDelegate.swift */,
				CCAA78E229223D0A00C5B3FB /* SceneDelegate.swift */,
				CCAA78E429223D0A00C5B3FB /* ViewController.swift */,
				CCAA78E629223D0A00C5B3FB /* Main.storyboard */,
				CCAA78EC29223D0A00C5B3FB /* Assets.xcassets */,
				CCAA78EE29223D0A00C5B3FB /* LaunchScreen.storyboard */,
				CCAA78F129223D0A00C5B3FB /* Info.plist */,
				CCAA78E929223D0A00C5B3FB /* ratemef.xcdatamodeld */,
			);
			path = ratemef;
			sourceTree = "<group>";
		};
		CCAA78F929223D0B00C5B3FB /* ratemefTests */ = {
			isa = PBXGroup;
			children = (
				CCAA78FA29223D0B00C5B3FB /* ratemefTests.swift */,
			);
			path = ratemefTests;
			sourceTree = "<group>";
		};
		CCAA790329223D0B00C5B3FB /* ratemefUITests */ = {
			isa = PBXGroup;
			children = (
				CCAA790429223D0B00C5B3FB /* ratemefUITests.swift */,
				CCAA790629223D0B00C5B3FB /* ratemefUITestsLaunchTests.swift */,
			);
			path = ratemefUITests;
			sourceTree = "<group>";
		};
/* End PBXGroup section */

/* Begin PBXNativeTarget section */
		CCAA78DC29223D0A00C5B3FB /* ratemef */ = {
			isa = PBXNativeTarget;
			buildConfigurationList = CCAA790A29223D0B00C5B3FB /* Build configuration list for PBXNativeTarget "ratemef" */;
			buildPhases = (
				CCAA78D929223D0A00C5B3FB /* Sources */,
				CCAA78DA29223D0A00C5B3FB /* Frameworks */,
				CCAA78DB29223D0A00C5B3FB /* Resources */,
			);
			buildRules = (
			);
			dependencies = (
			);
			name = ratemef;
			productName = ratemef;
			productReference = CCAA78DD29223D0A00C5B3FB /* ratemef.app */;
			productType = "com.apple.product-type.application";
		};
		CCAA78F529223D0B00C5B3FB /* ratemefTests */ = {
			isa = PBXNativeTarget;
			buildConfigurationList = CCAA790D29223D0B00C5B3FB /* Build configuration list for PBXNativeTarget "ratemefTests" */;
			buildPhases = (
				CCAA78F229223D0B00C5B3FB /* Sources */,
				CCAA78F329223D0B00C5B3FB /* Frameworks */,
				CCAA78F429223D0B00C5B3FB /* Resources */,
			);
			buildRules = (
			);
			dependencies = (
				CCAA78F829223D0B00C5B3FB /* PBXTargetDependency */,
			);
			name = ratemefTests;
			productName = ratemefTests;
			productReference = CCAA78F629223D0B00C5B3FB /* ratemefTests.xctest */;
			productType = "com.apple.product-type.bundle.unit-test";
		};
		CCAA78FF29223D0B00C5B3FB /* ratemefUITests */ = {
			isa = PBXNativeTarget;
			buildConfigurationList = CCAA791029223D0B00C5B3FB /* Build configuration list for PBXNativeTarget "ratemefUITests" */;
			buildPhases = (
				CCAA78FC29223D0B00C5B3FB /* Sources */,
				CCAA78FD29223D0B00C5B3FB /* Frameworks */,
				CCAA78FE29223D0B00C5B3FB /* Resources */,
			);
			buildRules = (
			);
			dependencies = (
				CCAA790229223D0B00C5B3FB /* PBXTargetDependency */,
			);
			name = ratemefUITests;
			productName = ratemefUITests;
			productReference = CCAA790029223D0B00C5B3FB /* ratemefUITests.xctest */;
			productType = "com.apple.product-type.bundle.ui-testing";
		};
/* End PBXNativeTarget section */

/* Begin PBXProject section */
		CCAA78D529223D0900C5B3FB /* Project object */ = {
			isa = PBXProject;
			attributes = {
				BuildIndependentTargetsInParallel = 1;
				LastSwiftUpdateCheck = 1400;
				LastUpgradeCheck = 1400;
				TargetAttributes = {
					CCAA78DC29223D0A00C5B3FB = {
						CreatedOnToolsVersion = 14.0.1;
					};
					CCAA78F529223D0B00C5B3FB = {
						CreatedOnToolsVersion = 14.0.1;
						TestTargetID = CCAA78DC29223D0A00C5B3FB;
					};
					CCAA78FF29223D0B00C5B3FB = {
						CreatedOnToolsVersion = 14.0.1;
						TestTargetID = CCAA78DC29223D0A00C5B3FB;
					};
				};
			};
			buildConfigurationList = CCAA78D829223D0900C5B3FB /* Build configuration list for PBXProject "ratemef" */;
			compatibilityVersion = "Xcode 14.0";
			developmentRegion = en;
			hasScannedForEncodings = 0;
			knownRegions = (
				en,
				Base,
			);
			mainGroup = CCAA78D429223D0900C5B3FB;
			productRefGroup = CCAA78DE29223D0A00C5B3FB /* Products */;
			projectDirPath = "";
			projectRoot = "";
			targets = (
				CCAA78DC29223D0A00C5B3FB /* ratemef */,
				CCAA78F529223D0B00C5B3FB /* ratemefTests */,
				CCAA78FF29223D0B00C5B3FB /* ratemefUITests */,
			);
		};
/* End PBXProject section */

/* Begin PBXResourcesBuildPhase section */
		CCAA78DB29223D0A00C5B3FB /* Resources */ = {
			isa = PBXResourcesBuildPhase;
			buildActionMask = 2147483647;
			files = (
				CCAA78F029223D0A00C5B3FB /* LaunchScreen.storyboard in Resources */,
				CCAA78ED29223D0A00C5B3FB /* Assets.xcassets in Resources */,
				CCAA78E829223D0A00C5B3FB /* Main.storyboard in Resources */,
			);
			runOnlyForDeploymentPostprocessing = 0;
		};
		CCAA78F429223D0B00C5B3FB /* Resources */ = {
			isa = PBXResourcesBuildPhase;
			buildActionMask = 2147483647;
			files = (
			);
			runOnlyForDeploymentPostprocessing = 0;
		};
		CCAA78FE29223D0B00C5B3FB /* Resources */ = {
			isa = PBXResourcesBuildPhase;
			buildActionMask = 2147483647;
			files = (
			);
			runOnlyForDeploymentPostprocessing = 0;
		};
/* End PBXResourcesBuildPhase section */

/* Begin PBXSourcesBuildPhase section */
		CCAA78D929223D0A00C5B3FB /* Sources */ = {
			isa = PBXSourcesBuildPhase;
			buildActionMask = 2147483647;
			files = (
				CCAA78EB29223D0A00C5B3FB /* ratemef.xcdatamodeld in Sources */,
				CCAA78E529223D0A00C5B3FB /* ViewController.swift in Sources */,
				CCAA78E129223D0A00C5B3FB /* AppDelegate.swift in Sources */,
				CCAA78E329223D0A00C5B3FB /* SceneDelegate.swift in Sources */,
			);
			runOnlyForDeploymentPostprocessing = 0;
		};
		CCAA78F229223D0B00C5B3FB /* Sources */ = {
			isa = PBXSourcesBuildPhase;
			buildActionMask = 2147483647;
			files = (
				CCAA78FB29223D0B00C5B3FB /* ratemefTests.swift in Sources */,
			);
			runOnlyForDeploymentPostprocessing = 0;
		};
		CCAA78FC29223D0B00C5B3FB /* Sources */ = {
			isa = PBXSourcesBuildPhase;
			buildActionMask = 2147483647;
			files = (
				CCAA790529223D0B00C5B3FB /* ratemefUITests.swift in Sources */,
				CCAA790729223D0B00C5B3FB /* ratemefUITestsLaunchTests.swift in Sources */,
			);
			runOnlyForDeploymentPostprocessing = 0;
		};
/* End PBXSourcesBuildPhase section */

/* Begin PBXTargetDependency section */
		CCAA78F829223D0B00C5B3FB /* PBXTargetDependency */ = {
			isa = PBXTargetDependency;
			target = CCAA78DC29223D0A00C5B3FB /* ratemef */;
			targetProxy = CCAA78F729223D0B00C5B3FB /* PBXContainerItemProxy */;
		};
		CCAA790229223D0B00C5B3FB /* PBXTargetDependency */ = {
			isa = PBXTargetDependency;
			target = CCAA78DC29223D0A00C5B3FB /* ratemef */;
			targetProxy = CCAA790129223D0B00C5B3FB /* PBXContainerItemProxy */;
		};
/* End PBXTargetDependency section */

/* Begin PBXVariantGroup section */
		CCAA78E629223D0A00C5B3FB /* Main.storyboard */ = {
			isa = PBXVariantGroup;
			children = (
				CCAA78E729223D0A00C5B3FB /* Base */,
			);
			name = Main.storyboard;
			sourceTree = "<group>";
		};
		CCAA78EE29223D0A00C5B3FB /* LaunchScreen.storyboard */ = {
			isa = PBXVariantGroup;
			children = (
				CCAA78EF29223D0A00C5B3FB /* Base */,
			);
			name = LaunchScreen.storyboard;
			sourceTree = "<group>";
		};
/* End PBXVariantGroup section */

/* Begin XCBuildConfiguration section */
		CCAA790829223D0B00C5B3FB /* Debug */ = {
			isa = XCBuildConfiguration;
			buildSettings = {
				ALWAYS_SEARCH_USER_PATHS = NO;
				CLANG_ANALYZER_NONNULL = YES;
				CLANG_ANALYZER_NUMBER_OBJECT_CONVERSION = YES_AGGRESSIVE;
				CLANG_CXX_LANGUAGE_STANDARD = "gnu++20";
				CLANG_ENABLE_MODULES = YES;
				CLANG_ENABLE_OBJC_ARC = YES;
				CLANG_ENABLE_OBJC_WEAK = YES;
				CLANG_WARN_BLOCK_CAPTURE_AUTORELEASING = YES;
				CLANG_WARN_BOOL_CONVERSION = YES;
				CLANG_WARN_COMMA = YES;
				CLANG_WARN_CONSTANT_CONVERSION = YES;
				CLANG_WARN_DEPRECATED_OBJC_IMPLEMENTATIONS = YES;
				CLANG_WARN_DIRECT_OBJC_ISA_USAGE = YES_ERROR;
				CLANG_WARN_DOCUMENTATION_COMMENTS = YES;
				CLANG_WARN_EMPTY_BODY = YES;
				CLANG_WARN_ENUM_CONVERSION = YES;
				CLANG_WARN_INFINITE_RECURSION = YES;
				CLANG_WARN_INT_CONVERSION = YES;
				CLANG_WARN_NON_LITERAL_NULL_CONVERSION = YES;
				CLANG_WARN_OBJC_IMPLICIT_RETAIN_SELF = YES;
				CLANG_WARN_OBJC_LITERAL_CONVERSION = YES;
				CLANG_WARN_OBJC_ROOT_CLASS = YES_ERROR;
				CLANG_WARN_QUOTED_INCLUDE_IN_FRAMEWORK_HEADER = YES;
				CLANG_WARN_RANGE_LOOP_ANALYSIS = YES;
				CLANG_WARN_STRICT_PROTOTYPES = YES;
				CLANG_WARN_SUSPICIOUS_MOVE = YES;
				CLANG_WARN_UNGUARDED_AVAILABILITY = YES_AGGRESSIVE;
				CLANG_WARN_UNREACHABLE_CODE = YES;
				CLANG_WARN__DUPLICATE_METHOD_MATCH = YES;
				COPY_PHASE_STRIP = NO;
				DEBUG_INFORMATION_FORMAT = dwarf;
				ENABLE_STRICT_OBJC_MSGSEND = YES;
				ENABLE_TESTABILITY = YES;
				GCC_C_LANGUAGE_STANDARD = gnu11;
				GCC_DYNAMIC_NO_PIC = NO;
				GCC_NO_COMMON_BLOCKS = YES;
				GCC_OPTIMIZATION_LEVEL = 0;
				GCC_PREPROCESSOR_DEFINITIONS = (
					"DEBUG=1",
					"$(inherited)",
				);
				GCC_WARN_64_TO_32_BIT_CONVERSION = YES;
				GCC_WARN_ABOUT_RETURN_TYPE = YES_ERROR;
				GCC_WARN_UNDECLARED_SELECTOR = YES;
				GCC_WARN_UNINITIALIZED_AUTOS = YES_AGGRESSIVE;
				GCC_WARN_UNUSED_FUNCTION = YES;
				GCC_WARN_UNUSED_VARIABLE = YES;
				IPHONEOS_DEPLOYMENT_TARGET = 16.0;
				MTL_ENABLE_DEBUG_INFO = INCLUDE_SOURCE;
				MTL_FAST_MATH = YES;
				ONLY_ACTIVE_ARCH = YES;
				SDKROOT = iphoneos;
				SWIFT_ACTIVE_COMPILATION_CONDITIONS = DEBUG;
				SWIFT_OPTIMIZATION_LEVEL = "-Onone";
			};
			name = Debug;
		};
		CCAA790929223D0B00C5B3FB /* Release */ = {
			isa = XCBuildConfiguration;
			buildSettings = {
				ALWAYS_SEARCH_USER_PATHS = NO;
				CLANG_ANALYZER_NONNULL = YES;
				CLANG_ANALYZER_NUMBER_OBJECT_CONVERSION = YES_AGGRESSIVE;
				CLANG_CXX_LANGUAGE_STANDARD = "gnu++20";
				CLANG_ENABLE_MODULES = YES;
				CLANG_ENABLE_OBJC_ARC = YES;
				CLANG_ENABLE_OBJC_WEAK = YES;
				CLANG_WARN_BLOCK_CAPTURE_AUTORELEASING = YES;
				CLANG_WARN_BOOL_CONVERSION = YES;
				CLANG_WARN_COMMA = YES;
				CLANG_WARN_CONSTANT_CONVERSION = YES;
				CLANG_WARN_DEPRECATED_OBJC_IMPLEMENTATIONS = YES;
				CLANG_WARN_DIRECT_OBJC_ISA_USAGE = YES_ERROR;
				CLANG_WARN_DOCUMENTATION_COMMENTS = YES;
				CLANG_WARN_EMPTY_BODY = YES;
				CLANG_WARN_ENUM_CONVERSION = YES;
				CLANG_WARN_INFINITE_RECURSION = YES;
				CLANG_WARN_INT_CONVERSION = YES;
				CLANG_WARN_NON_LITERAL_NULL_CONVERSION = YES;
				CLANG_WARN_OBJC_IMPLICIT_RETAIN_SELF = YES;
				CLANG_WARN_OBJC_LITERAL_CONVERSION = YES;
				CLANG_WARN_OBJC_ROOT_CLASS = YES_ERROR;
				CLANG_WARN_QUOTED_INCLUDE_IN_FRAMEWORK_HEADER = YES;
				CLANG_WARN_RANGE_LOOP_ANALYSIS = YES;
				CLANG_WARN_STRICT_PROTOTYPES = YES;
				CLANG_WARN_SUSPICIOUS_MOVE = YES;
				CLANG_WARN_UNGUARDED_AVAILABILITY = YES_AGGRESSIVE;
				CLANG_WARN_UNREACHABLE_CODE = YES;
				CLANG_WARN__DUPLICATE_METHOD_MATCH = YES;
				COPY_PHASE_STRIP = NO;
				DEBUG_INFORMATION_FORMAT = "dwarf-with-dsym";
				ENABLE_NS_ASSERTIONS = NO;
				ENABLE_STRICT_OBJC_MSGSEND = YES;
				GCC_C_LANGUAGE_STANDARD = gnu11;
				GCC_NO_COMMON_BLOCKS = YES;
				GCC_WARN_64_TO_32_BIT_CONVERSION = YES;
				GCC_WARN_ABOUT_RETURN_TYPE = YES_ERROR;
				GCC_WARN_UNDECLARED_SELECTOR = YES;
				GCC_WARN_UNINITIALIZED_AUTOS = YES_AGGRESSIVE;
				GCC_WARN_UNUSED_FUNCTION = YES;
				GCC_WARN_UNUSED_VARIABLE = YES;
				IPHONEOS_DEPLOYMENT_TARGET = 16.0;
				MTL_ENABLE_DEBUG_INFO = NO;
				MTL_FAST_MATH = YES;
				SDKROOT = iphoneos;
				SWIFT_COMPILATION_MODE = wholemodule;
				SWIFT_OPTIMIZATION_LEVEL = "-O";
				VALIDATE_PRODUCT = YES;
			};
			name = Release;
		};
		CCAA790B29223D0B00C5B3FB /* Debug */ = {
			isa = XCBuildConfiguration;
			buildSettings = {
				ASSETCATALOG_COMPILER_APPICON_NAME = AppIcon;
				ASSETCATALOG_COMPILER_GLOBAL_ACCENT_COLOR_NAME = AccentColor;
				CODE_SIGN_STYLE = Automatic;
				CURRENT_PROJECT_VERSION = 1;
				GENERATE_INFOPLIST_FILE = YES;
				INFOPLIST_FILE = ratemef/Info.plist;
				INFOPLIST_KEY_UIApplicationSupportsIndirectInputEvents = YES;
				INFOPLIST_KEY_UILaunchStoryboardName = LaunchScreen;
				INFOPLIST_KEY_UIMainStoryboardFile = Main;
				INFOPLIST_KEY_UISupportedInterfaceOrientations_iPad = "UIInterfaceOrientationPortrait UIInterfaceOrientationPortraitUpsideDown UIInterfaceOrientationLandscapeLeft UIInterfaceOrientationLandscapeRight";
				INFOPLIST_KEY_UISupportedInterfaceOrientations_iPhone = "UIInterfaceOrientationPortrait UIInterfaceOrientationLandscapeLeft UIInterfaceOrientationLandscapeRight";
				LD_RUNPATH_SEARCH_PATHS = (
					"$(inherited)",
					"@executable_path/Frameworks",
				);
				MARKETING_VERSION = 1.0;
				PRODUCT_BUNDLE_IDENTIFIER = "aziz-chawki.ratemef";
				PRODUCT_NAME = "$(TARGET_NAME)";
				SWIFT_EMIT_LOC_STRINGS = YES;
				SWIFT_VERSION = 5.0;
				TARGETED_DEVICE_FAMILY = "1,2";
			};
			name = Debug;
		};
		CCAA790C29223D0B00C5B3FB /* Release */ = {
			isa = XCBuildConfiguration;
			buildSettings = {
				ASSETCATALOG_COMPILER_APPICON_NAME = AppIcon;
				ASSETCATALOG_COMPILER_GLOBAL_ACCENT_COLOR_NAME = AccentColor;
				CODE_SIGN_STYLE = Automatic;
				CURRENT_PROJECT_VERSION = 1;
				GENERATE_INFOPLIST_FILE = YES;
				INFOPLIST_FILE = ratemef/Info.plist;
				INFOPLIST_KEY_UIApplicationSupportsIndirectInputEvents = YES;
				INFOPLIST_KEY_UILaunchStoryboardName = LaunchScreen;
				INFOPLIST_KEY_UIMainStoryboardFile = Main;
				INFOPLIST_KEY_UISupportedInterfaceOrientations_iPad = "UIInterfaceOrientationPortrait UIInterfaceOrientationPortraitUpsideDown UIInterfaceOrientationLandscapeLeft UIInterfaceOrientationLandscapeRight";
				INFOPLIST_KEY_UISupportedInterfaceOrientations_iPhone = "UIInterfaceOrientationPortrait UIInterfaceOrientationLandscapeLeft UIInterfaceOrientationLandscapeRight";
				LD_RUNPATH_SEARCH_PATHS = (
					"$(inherited)",
					"@executable_path/Frameworks",
				);
				MARKETING_VERSION = 1.0;
				PRODUCT_BUNDLE_IDENTIFIER = "aziz-chawki.ratemef";
				PRODUCT_NAME = "$(TARGET_NAME)";
				SWIFT_EMIT_LOC_STRINGS = YES;
				SWIFT_VERSION = 5.0;
				TARGETED_DEVICE_FAMILY = "1,2";
			};
			name = Release;
		};
		CCAA790E29223D0B00C5B3FB /* Debug */ = {
			isa = XCBuildConfiguration;
			buildSettings = {
				ALWAYS_EMBED_SWIFT_STANDARD_LIBRARIES = YES;
				BUNDLE_LOADER = "$(TEST_HOST)";
				CODE_SIGN_STYLE = Automatic;
				CURRENT_PROJECT_VERSION = 1;
				GENERATE_INFOPLIST_FILE = YES;
				IPHONEOS_DEPLOYMENT_TARGET = 16.0;
				MARKETING_VERSION = 1.0;
				PRODUCT_BUNDLE_IDENTIFIER = "aziz-chawki.ratemefTests";
				PRODUCT_NAME = "$(TARGET_NAME)";
				SWIFT_EMIT_LOC_STRINGS = NO;
				SWIFT_VERSION = 5.0;
				TARGETED_DEVICE_FAMILY = "1,2";
				TEST_HOST = "$(BUILT_PRODUCTS_DIR)/ratemef.app/$(BUNDLE_EXECUTABLE_FOLDER_PATH)/ratemef";
			};
			name = Debug;
		};
		CCAA790F29223D0B00C5B3FB /* Release */ = {
			isa = XCBuildConfiguration;
			buildSettings = {
				ALWAYS_EMBED_SWIFT_STANDARD_LIBRARIES = YES;
				BUNDLE_LOADER = "$(TEST_HOST)";
				CODE_SIGN_STYLE = Automatic;
				CURRENT_PROJECT_VERSION = 1;
				GENERATE_INFOPLIST_FILE = YES;
				IPHONEOS_DEPLOYMENT_TARGET = 16.0;
				MARKETING_VERSION = 1.0;
				PRODUCT_BUNDLE_IDENTIFIER = "aziz-chawki.ratemefTests";
				PRODUCT_NAME = "$(TARGET_NAME)";
				SWIFT_EMIT_LOC_STRINGS = NO;
				SWIFT_VERSION = 5.0;
				TARGETED_DEVICE_FAMILY = "1,2";
				TEST_HOST = "$(BUILT_PRODUCTS_DIR)/ratemef.app/$(BUNDLE_EXECUTABLE_FOLDER_PATH)/ratemef";
			};
			name = Release;
		};
		CCAA791129223D0B00C5B3FB /* Debug */ = {
			isa = XCBuildConfiguration;
			buildSettings = {
				ALWAYS_EMBED_SWIFT_STANDARD_LIBRARIES = YES;
				CODE_SIGN_STYLE = Automatic;
				CURRENT_PROJECT_VERSION = 1;
				GENERATE_INFOPLIST_FILE = YES;
				MARKETING_VERSION = 1.0;
				PRODUCT_BUNDLE_IDENTIFIER = "aziz-chawki.ratemefUITests";
				PRODUCT_NAME = "$(TARGET_NAME)";
				SWIFT_EMIT_LOC_STRINGS = NO;
				SWIFT_VERSION = 5.0;
				TARGETED_DEVICE_FAMILY = "1,2";
				TEST_TARGET_NAME = ratemef;
			};
			name = Debug;
		};
		CCAA791229223D0B00C5B3FB /* Release */ = {
			isa = XCBuildConfiguration;
			buildSettings = {
				ALWAYS_EMBED_SWIFT_STANDARD_LIBRARIES = YES;
				CODE_SIGN_STYLE = Automatic;
				CURRENT_PROJECT_VERSION = 1;
				GENERATE_INFOPLIST_FILE = YES;
				MARKETING_VERSION = 1.0;
				PRODUCT_BUNDLE_IDENTIFIER = "aziz-chawki.ratemefUITests";
				PRODUCT_NAME = "$(TARGET_NAME)";
				SWIFT_EMIT_LOC_STRINGS = NO;
				SWIFT_VERSION = 5.0;
				TARGETED_DEVICE_FAMILY = "1,2";
				TEST_TARGET_NAME = ratemef;
			};
			name = Release;
		};
/* End XCBuildConfiguration section */

/* Begin XCConfigurationList section */
		CCAA78D829223D0900C5B3FB /* Build configuration list for PBXProject "ratemef" */ = {
			isa = XCConfigurationList;
			buildConfigurations = (
				CCAA790829223D0B00C5B3FB /* Debug */,
				CCAA790929223D0B00C5B3FB /* Release */,
			);
			defaultConfigurationIsVisible = 0;
			defaultConfigurationName = Release;
		};
		CCAA790A29223D0B00C5B3FB /* Build configuration list for PBXNativeTarget "ratemef" */ = {
			isa = XCConfigurationList;
			buildConfigurations = (
				CCAA790B29223D0B00C5B3FB /* Debug */,
				CCAA790C29223D0B00C5B3FB /* Release */,
			);
			defaultConfigurationIsVisible = 0;
			defaultConfigurationName = Release;
		};
		CCAA790D29223D0B00C5B3FB /* Build configuration list for PBXNativeTarget "ratemefTests" */ = {
			isa = XCConfigurationList;
			buildConfigurations = (
				CCAA790E29223D0B00C5B3FB /* Debug */,
				CCAA790F29223D0B00C5B3FB /* Release */,
			);
			defaultConfigurationIsVisible = 0;
			defaultConfigurationName = Release;
		};
		CCAA791029223D0B00C5B3FB /* Build configuration list for PBXNativeTarget "ratemefUITests" */ = {
			isa = XCConfigurationList;
			buildConfigurations = (
				CCAA791129223D0B00C5B3FB /* Debug */,
				CCAA791229223D0B00C5B3FB /* Release */,
			);
			defaultConfigurationIsVisible = 0;
			defaultConfigurationName = Release;
		};
/* End XCConfigurationList section */

/* Begin XCVersionGroup section */
		CCAA78E929223D0A00C5B3FB /* ratemef.xcdatamodeld */ = {
			isa = XCVersionGroup;
			children = (
				CCAA78EA29223D0A00C5B3FB /* ratemef.xcdatamodel */,
			);
			currentVersion = CCAA78EA29223D0A00C5B3FB /* ratemef.xcdatamodel */;
			path = ratemef.xcdatamodeld;
			sourceTree = "<group>";
			versionGroupType = wrapper.xcdatamodel;
		};
/* End XCVersionGroup section */
	};
	rootObject = CCAA78D529223D0900C5B3FB /* Project object */;
}
